
Microsoft Visual Studio Solution File, Format Version 12.00
# Visual Studio Version 16
VisualStudioVersion = 16.0.30225.117
MinimumVisualStudioVersion = 10.0.40219.1
Project("{FAE04EC0-301F-11D3-BF4B-00C04F79EFBC}") = "MyEvernote.Web", "MyEvernote.Web\MyEvernote.Web.csproj", "{A78B8B1E-31D1-4AD4-B1EA-A973532AD080}"
EndProject
Global
	GlobalSection(SolutionConfigurationPlatforms) = preSolution
		Debug|Any CPU = Debug|Any CPU
		Release|Any CPU = Release|Any CPU
	EndGlobalSection
	GlobalSection(ProjectConfigurationPlatforms) = postSolution
		{A78B8B1E-31D1-4AD4-B1EA-A973532AD080}.Debug|Any CPU.ActiveCfg = Debug|Any CPU
		{A78B8B1E-31D1-4AD4-B1EA-A973532AD080}.Debug|Any CPU.Build.0 = Debug|Any CPU
		{A78B8B1E-31D1-4AD4-B1EA-A973532AD080}.Release|Any CPU.ActiveCfg = Release|Any CPU
		{A78B8B1E-31D1-4AD4-B1EA-A973532AD080}.Release|Any CPU.Build.0 = Release|Any CPU
	EndGlobalSection
	GlobalSection(SolutionProperties) = preSolution
		HideSolutionNode = FALSE
	EndGlobalSection
	GlobalSection(ExtensibilityGlobals) = postSolution
		SolutionGuid = {BB1127A9-63FD-4E2F-917D-A509ED3A8266}
	EndGlobalSection
EndGlobal
